// !$*UTF8*$!
{
	archiveVersion = 1;
	classes = {
	};
	objectVersion = 55;
	objects = {

/* Begin PBXBuildFile section */
		2D62462C288B797D00473B79 /* DoubleThreeQuarterKeycapView.swift in Sources */ = {isa = PBXBuildFile; fileRef = 2D62462B288B797D00473B79 /* DoubleThreeQuarterKeycapView.swift */; };
		2D62462E288B84BA00473B79 /* SpacebarKeycapView.swift in Sources */ = {isa = PBXBuildFile; fileRef = 2D62462D288B84BA00473B79 /* SpacebarKeycapView.swift */; };
		2D7E9227285BBFDF006F0D22 /* Keycap.swift in Sources */ = {isa = PBXBuildFile; fileRef = 2D7E9226285BBFDF006F0D22 /* Keycap.swift */; };
		2D7E9229285BE0BD006F0D22 /* SingleQuarterKeycapView.swift in Sources */ = {isa = PBXBuildFile; fileRef = 2D7E9228285BE0BD006F0D22 /* SingleQuarterKeycapView.swift */; };
		2D7E922B285C0AEE006F0D22 /* SingleHalfKeycapView.swift in Sources */ = {isa = PBXBuildFile; fileRef = 2D7E922A285C0AEE006F0D22 /* SingleHalfKeycapView.swift */; };
		2D8F3F2B288B655900EBAD5C /* DoubleKeycapView.swift in Sources */ = {isa = PBXBuildFile; fileRef = 2D8F3F2A288B655900EBAD5C /* DoubleKeycapView.swift */; };
		2D8F3F2F288B735300EBAD5C /* DoubleQuarterKeycapView.swift in Sources */ = {isa = PBXBuildFile; fileRef = 2D8F3F2E288B735300EBAD5C /* DoubleQuarterKeycapView.swift */; };
		2DA6194D286E7D7B00C2AF84 /* SingleThreeQuarterKeycapView.swift in Sources */ = {isa = PBXBuildFile; fileRef = 2DA6194C286E7D7B00C2AF84 /* SingleThreeQuarterKeycapView.swift */; };
		2DCC72EB2859071700AB71E1 /* KeychronApp.swift in Sources */ = {isa = PBXBuildFile; fileRef = 2DCC72EA2859071700AB71E1 /* KeychronApp.swift */; };
		2DCC72ED2859071700AB71E1 /* ContentView.swift in Sources */ = {isa = PBXBuildFile; fileRef = 2DCC72EC2859071700AB71E1 /* ContentView.swift */; };
		2DCC72EF2859071900AB71E1 /* Assets.xcassets in Resources */ = {isa = PBXBuildFile; fileRef = 2DCC72EE2859071900AB71E1 /* Assets.xcassets */; };
		2DCC72F22859071900AB71E1 /* Preview Assets.xcassets in Resources */ = {isa = PBXBuildFile; fileRef = 2DCC72F12859071900AB71E1 /* Preview Assets.xcassets */; };
		2DCC72F92859193F00AB71E1 /* Trapezoid.swift in Sources */ = {isa = PBXBuildFile; fileRef = 2DCC72F82859193F00AB71E1 /* Trapezoid.swift */; };
		2DCC72FB28593C9200AB71E1 /* Constants.swift in Sources */ = {isa = PBXBuildFile; fileRef = 2DCC72FA28593C9200AB71E1 /* Constants.swift */; };
		2DCC72FD285940D300AB71E1 /* SingleKeycapView.swift in Sources */ = {isa = PBXBuildFile; fileRef = 2DCC72FC285940D300AB71E1 /* SingleKeycapView.swift */; };
		2DD27BF42891C52400177AED /* TestView.swift in Sources */ = {isa = PBXBuildFile; fileRef = 2DD27BF32891C52400177AED /* TestView.swift */; };
		2DD27BF62891C7D800177AED /* FirstRowKeycapsView.swift in Sources */ = {isa = PBXBuildFile; fileRef = 2DD27BF52891C7D800177AED /* FirstRowKeycapsView.swift */; };
		2DD27BF82891CBE200177AED /* SecondRowKeycapsView.swift in Sources */ = {isa = PBXBuildFile; fileRef = 2DD27BF72891CBE200177AED /* SecondRowKeycapsView.swift */; };
		2DD27BFA2891CE5200177AED /* ThirdRowKeycapsView.swift in Sources */ = {isa = PBXBuildFile; fileRef = 2DD27BF92891CE5200177AED /* ThirdRowKeycapsView.swift */; };
		2DD27BFC2891D0E900177AED /* FourthRowKeycapsView.swift in Sources */ = {isa = PBXBuildFile; fileRef = 2DD27BFB2891D0E900177AED /* FourthRowKeycapsView.swift */; };
		2DD27BFE2891D1B300177AED /* FifthRowKeycapsView.swift in Sources */ = {isa = PBXBuildFile; fileRef = 2DD27BFD2891D1B300177AED /* FifthRowKeycapsView.swift */; };
		2DD346F728932516008EE636 /* KeycapTextView.swift in Sources */ = {isa = PBXBuildFile; fileRef = 2DD346F628932516008EE636 /* KeycapTextView.swift */; };
		2DD346FE28936CC9008EE636 /* SingleKeycapBackgroundView.swift in Sources */ = {isa = PBXBuildFile; fileRef = 2DD346FD28936CC9008EE636 /* SingleKeycapBackgroundView.swift */; };
		2DD3470028937804008EE636 /* SingleKeycapAlternativeView.swift in Sources */ = {isa = PBXBuildFile; fileRef = 2DD346FF28937804008EE636 /* SingleKeycapAlternativeView.swift */; };
		2DF0F3B02891E43E00C34DBF /* TopRowKeycapView.swift in Sources */ = {isa = PBXBuildFile; fileRef = 2DF0F3AF2891E43E00C34DBF /* TopRowKeycapView.swift */; };
/* End PBXBuildFile section */

/* Begin PBXFileReference section */
		2D62462B288B797D00473B79 /* DoubleThreeQuarterKeycapView.swift */ = {isa = PBXFileReference; lastKnownFileType = sourcecode.swift; path = DoubleThreeQuarterKeycapView.swift; sourceTree = "<group>"; };
		2D62462D288B84BA00473B79 /* SpacebarKeycapView.swift */ = {isa = PBXFileReference; lastKnownFileType = sourcecode.swift; path = SpacebarKeycapView.swift; sourceTree = "<group>"; };
		2D7E9226285BBFDF006F0D22 /* Keycap.swift */ = {isa = PBXFileReference; lastKnownFileType = sourcecode.swift; path = Keycap.swift; sourceTree = "<group>"; };
		2D7E9228285BE0BD006F0D22 /* SingleQuarterKeycapView.swift */ = {isa = PBXFileReference; lastKnownFileType = sourcecode.swift; path = SingleQuarterKeycapView.swift; sourceTree = "<group>"; };
		2D7E922A285C0AEE006F0D22 /* SingleHalfKeycapView.swift */ = {isa = PBXFileReference; lastKnownFileType = sourcecode.swift; path = SingleHalfKeycapView.swift; sourceTree = "<group>"; };
		2D8F3F2A288B655900EBAD5C /* DoubleKeycapView.swift */ = {isa = PBXFileReference; lastKnownFileType = sourcecode.swift; path = DoubleKeycapView.swift; sourceTree = "<group>"; };
		2D8F3F2E288B735300EBAD5C /* DoubleQuarterKeycapView.swift */ = {isa = PBXFileReference; lastKnownFileType = sourcecode.swift; path = DoubleQuarterKeycapView.swift; sourceTree = "<group>"; };
		2DA6194C286E7D7B00C2AF84 /* SingleThreeQuarterKeycapView.swift */ = {isa = PBXFileReference; lastKnownFileType = sourcecode.swift; path = SingleThreeQuarterKeycapView.swift; sourceTree = "<group>"; };
		2DCC72E72859071700AB71E1 /* Keychron.app */ = {isa = PBXFileReference; explicitFileType = wrapper.application; includeInIndex = 0; path = Keychron.app; sourceTree = BUILT_PRODUCTS_DIR; };
		2DCC72EA2859071700AB71E1 /* KeychronApp.swift */ = {isa = PBXFileReference; lastKnownFileType = sourcecode.swift; path = KeychronApp.swift; sourceTree = "<group>"; };
		2DCC72EC2859071700AB71E1 /* ContentView.swift */ = {isa = PBXFileReference; lastKnownFileType = sourcecode.swift; path = ContentView.swift; sourceTree = "<group>"; };
		2DCC72EE2859071900AB71E1 /* Assets.xcassets */ = {isa = PBXFileReference; lastKnownFileType = folder.assetcatalog; path = Assets.xcassets; sourceTree = "<group>"; };
		2DCC72F12859071900AB71E1 /* Preview Assets.xcassets */ = {isa = PBXFileReference; lastKnownFileType = folder.assetcatalog; path = "Preview Assets.xcassets"; sourceTree = "<group>"; };
		2DCC72F82859193F00AB71E1 /* Trapezoid.swift */ = {isa = PBXFileReference; lastKnownFileType = sourcecode.swift; path = Trapezoid.swift; sourceTree = "<group>"; };
		2DCC72FA28593C9200AB71E1 /* Constants.swift */ = {isa = PBXFileReference; lastKnownFileType = sourcecode.swift; path = Constants.swift; sourceTree = "<group>"; };
		2DCC72FC285940D300AB71E1 /* SingleKeycapView.swift */ = {isa = PBXFileReference; lastKnownFileType = sourcecode.swift; path = SingleKeycapView.swift; sourceTree = "<group>"; };
		2DD27BF32891C52400177AED /* TestView.swift */ = {isa = PBXFileReference; lastKnownFileType = sourcecode.swift; path = TestView.swift; sourceTree = "<group>"; };
		2DD27BF52891C7D800177AED /* FirstRowKeycapsView.swift */ = {isa = PBXFileReference; lastKnownFileType = sourcecode.swift; path = FirstRowKeycapsView.swift; sourceTree = "<group>"; };
		2DD27BF72891CBE200177AED /* SecondRowKeycapsView.swift */ = {isa = PBXFileReference; lastKnownFileType = sourcecode.swift; path = SecondRowKeycapsView.swift; sourceTree = "<group>"; };
		2DD27BF92891CE5200177AED /* ThirdRowKeycapsView.swift */ = {isa = PBXFileReference; lastKnownFileType = sourcecode.swift; path = ThirdRowKeycapsView.swift; sourceTree = "<group>"; };
		2DD27BFB2891D0E900177AED /* FourthRowKeycapsView.swift */ = {isa = PBXFileReference; lastKnownFileType = sourcecode.swift; path = FourthRowKeycapsView.swift; sourceTree = "<group>"; };
		2DD27BFD2891D1B300177AED /* FifthRowKeycapsView.swift */ = {isa = PBXFileReference; lastKnownFileType = sourcecode.swift; path = FifthRowKeycapsView.swift; sourceTree = "<group>"; };
		2DD346F628932516008EE636 /* KeycapTextView.swift */ = {isa = PBXFileReference; lastKnownFileType = sourcecode.swift; path = KeycapTextView.swift; sourceTree = "<group>"; };
		2DD346FD28936CC9008EE636 /* SingleKeycapBackgroundView.swift */ = {isa = PBXFileReference; lastKnownFileType = sourcecode.swift; path = SingleKeycapBackgroundView.swift; sourceTree = "<group>"; };
		2DD346FF28937804008EE636 /* SingleKeycapAlternativeView.swift */ = {isa = PBXFileReference; lastKnownFileType = sourcecode.swift; path = SingleKeycapAlternativeView.swift; sourceTree = "<group>"; };
		2DF0F3AF2891E43E00C34DBF /* TopRowKeycapView.swift */ = {isa = PBXFileReference; lastKnownFileType = sourcecode.swift; path = TopRowKeycapView.swift; sourceTree = "<group>"; };
/* End PBXFileReference section */

/* Begin PBXFrameworksBuildPhase section */
		2DCC72E42859071700AB71E1 /* Frameworks */ = {
			isa = PBXFrameworksBuildPhase;
			buildActionMask = 2147483647;
			files = (
			);
			runOnlyForDeploymentPostprocessing = 0;
		};
/* End PBXFrameworksBuildPhase section */

/* Begin PBXGroup section */
		2D1FC1732891F44700BF86EE /* Rows */ = {
			isa = PBXGroup;
			children = (
				2DD27BF52891C7D800177AED /* FirstRowKeycapsView.swift */,
				2DD27BF72891CBE200177AED /* SecondRowKeycapsView.swift */,
				2DD27BF92891CE5200177AED /* ThirdRowKeycapsView.swift */,
				2DD27BFB2891D0E900177AED /* FourthRowKeycapsView.swift */,
				2DD27BFD2891D1B300177AED /* FifthRowKeycapsView.swift */,
				2DF0F3AF2891E43E00C34DBF /* TopRowKeycapView.swift */,
			);
			path = Rows;
			sourceTree = "<group>";
		};
		2D7E9225285BBFCA006F0D22 /* Keycaps */ = {
			isa = PBXGroup;
			children = (
				2DD346F828935298008EE636 /* TextView */,
				2D7E9226285BBFDF006F0D22 /* Keycap.swift */,
				2D8F3F2D288B728F00EBAD5C /* Double */,
				2D8F3F2C288B723400EBAD5C /* Single */,
				2D62462D288B84BA00473B79 /* SpacebarKeycapView.swift */,
			);
			path = Keycaps;
			sourceTree = "<group>";
		};
		2D8F3F2C288B723400EBAD5C /* Single */ = {
			isa = PBXGroup;
			children = (
				2DA6194C286E7D7B00C2AF84 /* SingleThreeQuarterKeycapView.swift */,
				2D7E922A285C0AEE006F0D22 /* SingleHalfKeycapView.swift */,
				2D7E9228285BE0BD006F0D22 /* SingleQuarterKeycapView.swift */,
				2DCC72FC285940D300AB71E1 /* SingleKeycapView.swift */,
				2DD346FD28936CC9008EE636 /* SingleKeycapBackgroundView.swift */,
				2DD346FF28937804008EE636 /* SingleKeycapAlternativeView.swift */,
			);
			path = Single;
			sourceTree = "<group>";
		};
		2D8F3F2D288B728F00EBAD5C /* Double */ = {
			isa = PBXGroup;
			children = (
				2D8F3F2A288B655900EBAD5C /* DoubleKeycapView.swift */,
				2D8F3F2E288B735300EBAD5C /* DoubleQuarterKeycapView.swift */,
				2D62462B288B797D00473B79 /* DoubleThreeQuarterKeycapView.swift */,
			);
			path = Double;
			sourceTree = "<group>";
		};
		2DCC72DE2859071700AB71E1 = {
			isa = PBXGroup;
			children = (
				2DCC72E92859071700AB71E1 /* Keychron */,
				2DCC72E82859071700AB71E1 /* Products */,
			);
			sourceTree = "<group>";
		};
		2DCC72E82859071700AB71E1 /* Products */ = {
			isa = PBXGroup;
			children = (
				2DCC72E72859071700AB71E1 /* Keychron.app */,
			);
			name = Products;
			sourceTree = "<group>";
		};
		2DCC72E92859071700AB71E1 /* Keychron */ = {
			isa = PBXGroup;
			children = (
				2D1FC1732891F44700BF86EE /* Rows */,
				2D7E9225285BBFCA006F0D22 /* Keycaps */,
				2DCC72EA2859071700AB71E1 /* KeychronApp.swift */,
				2DCC72EC2859071700AB71E1 /* ContentView.swift */,
				2DCC72EE2859071900AB71E1 /* Assets.xcassets */,
				2DCC72F02859071900AB71E1 /* Preview Content */,
				2DCC72F82859193F00AB71E1 /* Trapezoid.swift */,
				2DCC72FA28593C9200AB71E1 /* Constants.swift */,
				2DD27BF32891C52400177AED /* TestView.swift */,
			);
			path = Keychron;
			sourceTree = "<group>";
		};
		2DCC72F02859071900AB71E1 /* Preview Content */ = {
			isa = PBXGroup;
			children = (
				2DCC72F12859071900AB71E1 /* Preview Assets.xcassets */,
			);
			path = "Preview Content";
			sourceTree = "<group>";
		};
		2DD346F828935298008EE636 /* TextView */ = {
			isa = PBXGroup;
			children = (
				2DD346F628932516008EE636 /* KeycapTextView.swift */,
			);
			path = TextView;
			sourceTree = "<group>";
		};
/* End PBXGroup section */

/* Begin PBXNativeTarget section */
		2DCC72E62859071700AB71E1 /* Keychron */ = {
			isa = PBXNativeTarget;
			buildConfigurationList = 2DCC72F52859071900AB71E1 /* Build configuration list for PBXNativeTarget "Keychron" */;
			buildPhases = (
				2DCC72E32859071700AB71E1 /* Sources */,
				2DCC72E42859071700AB71E1 /* Frameworks */,
				2DCC72E52859071700AB71E1 /* Resources */,
			);
			buildRules = (
			);
			dependencies = (
			);
			name = Keychron;
			productName = Keychron;
			productReference = 2DCC72E72859071700AB71E1 /* Keychron.app */;
			productType = "com.apple.product-type.application";
		};
/* End PBXNativeTarget section */

/* Begin PBXProject section */
		2DCC72DF2859071700AB71E1 /* Project object */ = {
			isa = PBXProject;
			attributes = {
				BuildIndependentTargetsInParallel = 1;
				LastSwiftUpdateCheck = 1330;
				LastUpgradeCheck = 1330;
				TargetAttributes = {
					2DCC72E62859071700AB71E1 = {
						CreatedOnToolsVersion = 13.3.1;
					};
				};
			};
			buildConfigurationList = 2DCC72E22859071700AB71E1 /* Build configuration list for PBXProject "Keychron" */;
			compatibilityVersion = "Xcode 13.0";
			developmentRegion = en;
			hasScannedForEncodings = 0;
			knownRegions = (
				en,
				Base,
			);
			mainGroup = 2DCC72DE2859071700AB71E1;
			productRefGroup = 2DCC72E82859071700AB71E1 /* Products */;
			projectDirPath = "";
			projectRoot = "";
			targets = (
				2DCC72E62859071700AB71E1 /* Keychron */,
			);
		};
/* End PBXProject section */

/* Begin PBXResourcesBuildPhase section */
		2DCC72E52859071700AB71E1 /* Resources */ = {
			isa = PBXResourcesBuildPhase;
			buildActionMask = 2147483647;
			files = (
				2DCC72F22859071900AB71E1 /* Preview Assets.xcassets in Resources */,
				2DCC72EF2859071900AB71E1 /* Assets.xcassets in Resources */,
			);
			runOnlyForDeploymentPostprocessing = 0;
		};
/* End PBXResourcesBuildPhase section */

/* Begin PBXSourcesBuildPhase section */
		2DCC72E32859071700AB71E1 /* Sources */ = {
			isa = PBXSourcesBuildPhase;
			buildActionMask = 2147483647;
			files = (
				2DD27BF42891C52400177AED /* TestView.swift in Sources */,
				2D62462C288B797D00473B79 /* DoubleThreeQuarterKeycapView.swift in Sources */,
				2D7E9229285BE0BD006F0D22 /* SingleQuarterKeycapView.swift in Sources */,
				2D62462E288B84BA00473B79 /* SpacebarKeycapView.swift in Sources */,
				2DD27BF82891CBE200177AED /* SecondRowKeycapsView.swift in Sources */,
				2DD27BFE2891D1B300177AED /* FifthRowKeycapsView.swift in Sources */,
				2D7E9227285BBFDF006F0D22 /* Keycap.swift in Sources */,
				2D7E922B285C0AEE006F0D22 /* SingleHalfKeycapView.swift in Sources */,
				2DF0F3B02891E43E00C34DBF /* TopRowKeycapView.swift in Sources */,
				2DCC72ED2859071700AB71E1 /* ContentView.swift in Sources */,
				2DD3470028937804008EE636 /* SingleKeycapAlternativeView.swift in Sources */,
				2DD346FE28936CC9008EE636 /* SingleKeycapBackgroundView.swift in Sources */,
				2D8F3F2B288B655900EBAD5C /* DoubleKeycapView.swift in Sources */,
				2DD27BF62891C7D800177AED /* FirstRowKeycapsView.swift in Sources */,
				2DD346F728932516008EE636 /* KeycapTextView.swift in Sources */,
				2DD27BFA2891CE5200177AED /* ThirdRowKeycapsView.swift in Sources */,
				2DCC72EB2859071700AB71E1 /* KeychronApp.swift in Sources */,
				2DD27BFC2891D0E900177AED /* FourthRowKeycapsView.swift in Sources */,
				2DCC72FD285940D300AB71E1 /* SingleKeycapView.swift in Sources */,
				2D8F3F2F288B735300EBAD5C /* DoubleQuarterKeycapView.swift in Sources */,
				2DCC72F92859193F00AB71E1 /* Trapezoid.swift in Sources */,
				2DA6194D286E7D7B00C2AF84 /* SingleThreeQuarterKeycapView.swift in Sources */,
				2DCC72FB28593C9200AB71E1 /* Constants.swift in Sources */,
			);
			runOnlyForDeploymentPostprocessing = 0;
		};
/* End PBXSourcesBuildPhase section */

/* Begin XCBuildConfiguration section */
		2DCC72F32859071900AB71E1 /* Debug */ = {
			isa = XCBuildConfiguration;
			buildSettings = {
				ALWAYS_SEARCH_USER_PATHS = NO;
				CLANG_ANALYZER_NONNULL = YES;
				CLANG_ANALYZER_NUMBER_OBJECT_CONVERSION = YES_AGGRESSIVE;
				CLANG_CXX_LANGUAGE_STANDARD = "gnu++17";
				CLANG_ENABLE_MODULES = YES;
				CLANG_ENABLE_OBJC_ARC = YES;
				CLANG_ENABLE_OBJC_WEAK = YES;
				CLANG_WARN_BLOCK_CAPTURE_AUTORELEASING = YES;
				CLANG_WARN_BOOL_CONVERSION = YES;
				CLANG_WARN_COMMA = YES;
				CLANG_WARN_CONSTANT_CONVERSION = YES;
				CLANG_WARN_DEPRECATED_OBJC_IMPLEMENTATIONS = YES;
				CLANG_WARN_DIRECT_OBJC_ISA_USAGE = YES_ERROR;
				CLANG_WARN_DOCUMENTATION_COMMENTS = YES;
				CLANG_WARN_EMPTY_BODY = YES;
				CLANG_WARN_ENUM_CONVERSION = YES;
				CLANG_WARN_INFINITE_RECURSION = YES;
				CLANG_WARN_INT_CONVERSION = YES;
				CLANG_WARN_NON_LITERAL_NULL_CONVERSION = YES;
				CLANG_WARN_OBJC_IMPLICIT_RETAIN_SELF = YES;
				CLANG_WARN_OBJC_LITERAL_CONVERSION = YES;
				CLANG_WARN_OBJC_ROOT_CLASS = YES_ERROR;
				CLANG_WARN_QUOTED_INCLUDE_IN_FRAMEWORK_HEADER = YES;
				CLANG_WARN_RANGE_LOOP_ANALYSIS = YES;
				CLANG_WARN_STRICT_PROTOTYPES = YES;
				CLANG_WARN_SUSPICIOUS_MOVE = YES;
				CLANG_WARN_UNGUARDED_AVAILABILITY = YES_AGGRESSIVE;
				CLANG_WARN_UNREACHABLE_CODE = YES;
				CLANG_WARN__DUPLICATE_METHOD_MATCH = YES;
				COPY_PHASE_STRIP = NO;
				DEBUG_INFORMATION_FORMAT = dwarf;
				ENABLE_STRICT_OBJC_MSGSEND = YES;
				ENABLE_TESTABILITY = YES;
				GCC_C_LANGUAGE_STANDARD = gnu11;
				GCC_DYNAMIC_NO_PIC = NO;
				GCC_NO_COMMON_BLOCKS = YES;
				GCC_OPTIMIZATION_LEVEL = 0;
				GCC_PREPROCESSOR_DEFINITIONS = (
					"DEBUG=1",
					"$(inherited)",
				);
				GCC_WARN_64_TO_32_BIT_CONVERSION = YES;
				GCC_WARN_ABOUT_RETURN_TYPE = YES_ERROR;
				GCC_WARN_UNDECLARED_SELECTOR = YES;
				GCC_WARN_UNINITIALIZED_AUTOS = YES_AGGRESSIVE;
				GCC_WARN_UNUSED_FUNCTION = YES;
				GCC_WARN_UNUSED_VARIABLE = YES;
				IPHONEOS_DEPLOYMENT_TARGET = 15.4;
				MTL_ENABLE_DEBUG_INFO = INCLUDE_SOURCE;
				MTL_FAST_MATH = YES;
				ONLY_ACTIVE_ARCH = YES;
				SDKROOT = iphoneos;
				SWIFT_ACTIVE_COMPILATION_CONDITIONS = DEBUG;
				SWIFT_OPTIMIZATION_LEVEL = "-Onone";
			};
			name = Debug;
		};
		2DCC72F42859071900AB71E1 /* Release */ = {
			isa = XCBuildConfiguration;
			buildSettings = {
				ALWAYS_SEARCH_USER_PATHS = NO;
				CLANG_ANALYZER_NONNULL = YES;
				CLANG_ANALYZER_NUMBER_OBJECT_CONVERSION = YES_AGGRESSIVE;
				CLANG_CXX_LANGUAGE_STANDARD = "gnu++17";
				CLANG_ENABLE_MODULES = YES;
				CLANG_ENABLE_OBJC_ARC = YES;
				CLANG_ENABLE_OBJC_WEAK = YES;
				CLANG_WARN_BLOCK_CAPTURE_AUTORELEASING = YES;
				CLANG_WARN_BOOL_CONVERSION = YES;
				CLANG_WARN_COMMA = YES;
				CLANG_WARN_CONSTANT_CONVERSION = YES;
				CLANG_WARN_DEPRECATED_OBJC_IMPLEMENTATIONS = YES;
				CLANG_WARN_DIRECT_OBJC_ISA_USAGE = YES_ERROR;
				CLANG_WARN_DOCUMENTATION_COMMENTS = YES;
				CLANG_WARN_EMPTY_BODY = YES;
				CLANG_WARN_ENUM_CONVERSION = YES;
				CLANG_WARN_INFINITE_RECURSION = YES;
				CLANG_WARN_INT_CONVERSION = YES;
				CLANG_WARN_NON_LITERAL_NULL_CONVERSION = YES;
				CLANG_WARN_OBJC_IMPLICIT_RETAIN_SELF = YES;
				CLANG_WARN_OBJC_LITERAL_CONVERSION = YES;
				CLANG_WARN_OBJC_ROOT_CLASS = YES_ERROR;
				CLANG_WARN_QUOTED_INCLUDE_IN_FRAMEWORK_HEADER = YES;
				CLANG_WARN_RANGE_LOOP_ANALYSIS = YES;
				CLANG_WARN_STRICT_PROTOTYPES = YES;
				CLANG_WARN_SUSPICIOUS_MOVE = YES;
				CLANG_WARN_UNGUARDED_AVAILABILITY = YES_AGGRESSIVE;
				CLANG_WARN_UNREACHABLE_CODE = YES;
				CLANG_WARN__DUPLICATE_METHOD_MATCH = YES;
				COPY_PHASE_STRIP = NO;
				DEBUG_INFORMATION_FORMAT = "dwarf-with-dsym";
				ENABLE_NS_ASSERTIONS = NO;
				ENABLE_STRICT_OBJC_MSGSEND = YES;
				GCC_C_LANGUAGE_STANDARD = gnu11;
				GCC_NO_COMMON_BLOCKS = YES;
				GCC_WARN_64_TO_32_BIT_CONVERSION = YES;
				GCC_WARN_ABOUT_RETURN_TYPE = YES_ERROR;
				GCC_WARN_UNDECLARED_SELECTOR = YES;
				GCC_WARN_UNINITIALIZED_AUTOS = YES_AGGRESSIVE;
				GCC_WARN_UNUSED_FUNCTION = YES;
				GCC_WARN_UNUSED_VARIABLE = YES;
				IPHONEOS_DEPLOYMENT_TARGET = 15.4;
				MTL_ENABLE_DEBUG_INFO = NO;
				MTL_FAST_MATH = YES;
				SDKROOT = iphoneos;
				SWIFT_COMPILATION_MODE = wholemodule;
				SWIFT_OPTIMIZATION_LEVEL = "-O";
				VALIDATE_PRODUCT = YES;
			};
			name = Release;
		};
		2DCC72F62859071900AB71E1 /* Debug */ = {
			isa = XCBuildConfiguration;
			buildSettings = {
				ASSETCATALOG_COMPILER_APPICON_NAME = AppIcon;
				ASSETCATALOG_COMPILER_GLOBAL_ACCENT_COLOR_NAME = AccentColor;
				CODE_SIGN_STYLE = Automatic;
				CURRENT_PROJECT_VERSION = 1;
				DEVELOPMENT_ASSET_PATHS = "\"Keychron/Preview Content\"";
				ENABLE_PREVIEWS = YES;
				GENERATE_INFOPLIST_FILE = YES;
				INFOPLIST_KEY_UIApplicationSceneManifest_Generation = YES;
				INFOPLIST_KEY_UIApplicationSupportsIndirectInputEvents = YES;
				INFOPLIST_KEY_UILaunchScreen_Generation = YES;
				INFOPLIST_KEY_UISupportedInterfaceOrientations_iPad = "UIInterfaceOrientationPortrait UIInterfaceOrientationPortraitUpsideDown UIInterfaceOrientationLandscapeLeft UIInterfaceOrientationLandscapeRight";
				INFOPLIST_KEY_UISupportedInterfaceOrientations_iPhone = "UIInterfaceOrientationPortrait UIInterfaceOrientationLandscapeLeft UIInterfaceOrientationLandscapeRight";
				LD_RUNPATH_SEARCH_PATHS = (
					"$(inherited)",
					"@executable_path/Frameworks",
				);
				MARKETING_VERSION = 1.0;
				PRODUCT_BUNDLE_IDENTIFIER = test.heafy.Keychron;
				PRODUCT_NAME = "$(TARGET_NAME)";
				SWIFT_EMIT_LOC_STRINGS = YES;
				SWIFT_VERSION = 5.0;
				TARGETED_DEVICE_FAMILY = "1,2";
			};
			name = Debug;
		};
		2DCC72F72859071900AB71E1 /* Release */ = {
			isa = XCBuildConfiguration;
			buildSettings = {
				ASSETCATALOG_COMPILER_APPICON_NAME = AppIcon;
				ASSETCATALOG_COMPILER_GLOBAL_ACCENT_COLOR_NAME = AccentColor;
				CODE_SIGN_STYLE = Automatic;
				CURRENT_PROJECT_VERSION = 1;
				DEVELOPMENT_ASSET_PATHS = "\"Keychron/Preview Content\"";
				ENABLE_PREVIEWS = YES;
				GENERATE_INFOPLIST_FILE = YES;
				INFOPLIST_KEY_UIApplicationSceneManifest_Generation = YES;
				INFOPLIST_KEY_UIApplicationSupportsIndirectInputEvents = YES;
				INFOPLIST_KEY_UILaunchScreen_Generation = YES;
				INFOPLIST_KEY_UISupportedInterfaceOrientations_iPad = "UIInterfaceOrientationPortrait UIInterfaceOrientationPortraitUpsideDown UIInterfaceOrientationLandscapeLeft UIInterfaceOrientationLandscapeRight";
				INFOPLIST_KEY_UISupportedInterfaceOrientations_iPhone = "UIInterfaceOrientationPortrait UIInterfaceOrientationLandscapeLeft UIInterfaceOrientationLandscapeRight";
				LD_RUNPATH_SEARCH_PATHS = (
					"$(inherited)",
					"@executable_path/Frameworks",
				);
				MARKETING_VERSION = 1.0;
				PRODUCT_BUNDLE_IDENTIFIER = test.heafy.Keychron;
				PRODUCT_NAME = "$(TARGET_NAME)";
				SWIFT_EMIT_LOC_STRINGS = YES;
				SWIFT_VERSION = 5.0;
				TARGETED_DEVICE_FAMILY = "1,2";
			};
			name = Release;
		};
/* End XCBuildConfiguration section */

/* Begin XCConfigurationList section */
		2DCC72E22859071700AB71E1 /* Build configuration list for PBXProject "Keychron" */ = {
			isa = XCConfigurationList;
			buildConfigurations = (
				2DCC72F32859071900AB71E1 /* Debug */,
				2DCC72F42859071900AB71E1 /* Release */,
			);
			defaultConfigurationIsVisible = 0;
			defaultConfigurationName = Release;
		};
		2DCC72F52859071900AB71E1 /* Build configuration list for PBXNativeTarget "Keychron" */ = {
			isa = XCConfigurationList;
			buildConfigurations = (
				2DCC72F62859071900AB71E1 /* Debug */,
				2DCC72F72859071900AB71E1 /* Release */,
			);
			defaultConfigurationIsVisible = 0;
			defaultConfigurationName = Release;
		};
/* End XCConfigurationList section */
	};
	rootObject = 2DCC72DF2859071700AB71E1 /* Project object */;
}
